
Microsoft Visual Studio Solution File, Format Version 11.00
# Visual Studio 2010
Project("{FAE04EC0-301F-11D3-BF4B-00C04F79EFBC}") = "Assembly-CSharp-firstpass", "Assembly-CSharp-firstpass.csproj", "{CC40A72B-A8FF-CF77-46B7-4486D0C46316}"
EndProject
Project("{FAE04EC0-301F-11D3-BF4B-00C04F79EFBC}") = "Assembly-CSharp", "Assembly-CSharp.csproj", "{9CAAEC1A-AE1D-8B2C-08FB-66EAB2517C68}"
EndProject
Project("{FAE04EC0-301F-11D3-BF4B-00C04F79EFBC}") = "Assembly-CSharp-Editor-firstpass", "Assembly-CSharp-Editor-firstpass.csproj", "{8DA08C73-357F-E79E-9E04-D1A7125944BB}"
EndProject
Global
	GlobalSection(SolutionConfigurationPlatforms) = preSolution
		Debug|Any CPU = Debug|Any CPU
		Release|Any CPU = Release|Any CPU
	EndGlobalSection
	GlobalSection(ProjectConfigurationPlatforms) = postSolution
		{CC40A72B-A8FF-CF77-46B7-4486D0C46316}.Debug|Any CPU.ActiveCfg = Debug|Any CPU
		{CC40A72B-A8FF-CF77-46B7-4486D0C46316}.Debug|Any CPU.Build.0 = Debug|Any CPU
		{CC40A72B-A8FF-CF77-46B7-4486D0C46316}.Release|Any CPU.ActiveCfg = Release|Any CPU
		{CC40A72B-A8FF-CF77-46B7-4486D0C46316}.Release|Any CPU.Build.0 = Release|Any CPU
		{9CAAEC1A-AE1D-8B2C-08FB-66EAB2517C68}.Debug|Any CPU.ActiveCfg = Debug|Any CPU
		{9CAAEC1A-AE1D-8B2C-08FB-66EAB2517C68}.Debug|Any CPU.Build.0 = Debug|Any CPU
		{9CAAEC1A-AE1D-8B2C-08FB-66EAB2517C68}.Release|Any CPU.ActiveCfg = Release|Any CPU
		{9CAAEC1A-AE1D-8B2C-08FB-66EAB2517C68}.Release|Any CPU.Build.0 = Release|Any CPU
		{8DA08C73-357F-E79E-9E04-D1A7125944BB}.Debug|Any CPU.ActiveCfg = Debug|Any CPU
		{8DA08C73-357F-E79E-9E04-D1A7125944BB}.Debug|Any CPU.Build.0 = Debug|Any CPU
		{8DA08C73-357F-E79E-9E04-D1A7125944BB}.Release|Any CPU.ActiveCfg = Release|Any CPU
		{8DA08C73-357F-E79E-9E04-D1A7125944BB}.Release|Any CPU.Build.0 = Release|Any CPU
	EndGlobalSection
	GlobalSection(SolutionProperties) = preSolution
		HideSolutionNode = FALSE
	EndGlobalSection
EndGlobal
